
Microsoft Visual Studio Solution File, Format Version 12.00
# Visual Studio 2012
Project("{FAE04EC0-301F-11D3-BF4B-00C04F79EFBC}") = "website.Tests", "website.Tests\website.Tests.csproj", "{7ED7592C-913D-48DB-8B41-9B3DA8E5E164}"
EndProject
Project("{FAE04EC0-301F-11D3-BF4B-00C04F79EFBC}") = "IDAL", "IDAL\IDAL.csproj", "{885D3291-AA8B-4F9A-AF76-EE225EAF2776}"
EndProject
Project("{FAE04EC0-301F-11D3-BF4B-00C04F79EFBC}") = "DALFactory", "DALFactory\DALFactory.csproj", "{20535C18-0B4F-4F70-9BAB-B4A790733968}"
EndProject
Project("{FAE04EC0-301F-11D3-BF4B-00C04F79EFBC}") = "BLL", "BLL\BLL.csproj", "{0E3D2839-DBE7-4640-9E98-298F78B6D7AF}"
EndProject
Project("{FAE04EC0-301F-11D3-BF4B-00C04F79EFBC}") = "DBUtility", "DBUtility\DBUtility.csproj", "{7A9ACEFB-36E3-4EF7-AE00-CCA71FB26766}"
EndProject
Project("{FAE04EC0-301F-11D3-BF4B-00C04F79EFBC}") = "Model", "Model\Model.csproj", "{182EA01B-7E27-493B-8629-290730A93CC1}"
EndProject
Project("{FAE04EC0-301F-11D3-BF4B-00C04F79EFBC}") = "DLLibrary", "DLLibrary\DLLibrary.csproj", "{D68B5C2C-01A2-4307-9A22-8AB1FB18FE3F}"
EndProject
Project("{FAE04EC0-301F-11D3-BF4B-00C04F79EFBC}") = "website", "website\website.csproj", "{4C88693D-0C49-489C-BCB5-31629F79FBD4}"
EndProject
Project("{FAE04EC0-301F-11D3-BF4B-00C04F79EFBC}") = "SQLServerDAL", "SQLServerDAL\SQLServerDAL.csproj", "{853FA9A2-C6E2-4E41-9241-27D806CB3831}"
EndProject
Project("{FAE04EC0-301F-11D3-BF4B-00C04F79EFBC}") = "WebControllers", "WebControllers\WebControllers.csproj", "{1EA38CF3-55C4-4FED-92BC-D9539B429F44}"
EndProject
Global
	GlobalSection(SolutionConfigurationPlatforms) = preSolution
		Debug|Any CPU = Debug|Any CPU
		Release|Any CPU = Release|Any CPU
	EndGlobalSection
	GlobalSection(ProjectConfigurationPlatforms) = postSolution
		{7ED7592C-913D-48DB-8B41-9B3DA8E5E164}.Debug|Any CPU.ActiveCfg = Debug|Any CPU
		{7ED7592C-913D-48DB-8B41-9B3DA8E5E164}.Debug|Any CPU.Build.0 = Debug|Any CPU
		{7ED7592C-913D-48DB-8B41-9B3DA8E5E164}.Release|Any CPU.ActiveCfg = Release|Any CPU
		{7ED7592C-913D-48DB-8B41-9B3DA8E5E164}.Release|Any CPU.Build.0 = Release|Any CPU
		{885D3291-AA8B-4F9A-AF76-EE225EAF2776}.Debug|Any CPU.ActiveCfg = Debug|Any CPU
		{885D3291-AA8B-4F9A-AF76-EE225EAF2776}.Debug|Any CPU.Build.0 = Debug|Any CPU
		{885D3291-AA8B-4F9A-AF76-EE225EAF2776}.Release|Any CPU.ActiveCfg = Release|Any CPU
		{885D3291-AA8B-4F9A-AF76-EE225EAF2776}.Release|Any CPU.Build.0 = Release|Any CPU
		{20535C18-0B4F-4F70-9BAB-B4A790733968}.Debug|Any CPU.ActiveCfg = Debug|Any CPU
		{20535C18-0B4F-4F70-9BAB-B4A790733968}.Debug|Any CPU.Build.0 = Debug|Any CPU
		{20535C18-0B4F-4F70-9BAB-B4A790733968}.Release|Any CPU.ActiveCfg = Release|Any CPU
		{20535C18-0B4F-4F70-9BAB-B4A790733968}.Release|Any CPU.Build.0 = Release|Any CPU
		{0E3D2839-DBE7-4640-9E98-298F78B6D7AF}.Debug|Any CPU.ActiveCfg = Debug|Any CPU
		{0E3D2839-DBE7-4640-9E98-298F78B6D7AF}.Debug|Any CPU.Build.0 = Debug|Any CPU
		{0E3D2839-DBE7-4640-9E98-298F78B6D7AF}.Release|Any CPU.ActiveCfg = Release|Any CPU
		{0E3D2839-DBE7-4640-9E98-298F78B6D7AF}.Release|Any CPU.Build.0 = Release|Any CPU
		{7A9ACEFB-36E3-4EF7-AE00-CCA71FB26766}.Debug|Any CPU.ActiveCfg = Debug|Any CPU
		{7A9ACEFB-36E3-4EF7-AE00-CCA71FB26766}.Debug|Any CPU.Build.0 = Debug|Any CPU
		{7A9ACEFB-36E3-4EF7-AE00-CCA71FB26766}.Release|Any CPU.ActiveCfg = Release|Any CPU
		{7A9ACEFB-36E3-4EF7-AE00-CCA71FB26766}.Release|Any CPU.Build.0 = Release|Any CPU
		{182EA01B-7E27-493B-8629-290730A93CC1}.Debug|Any CPU.ActiveCfg = Debug|Any CPU
		{182EA01B-7E27-493B-8629-290730A93CC1}.Debug|Any CPU.Build.0 = Debug|Any CPU
		{182EA01B-7E27-493B-8629-290730A93CC1}.Release|Any CPU.ActiveCfg = Release|Any CPU
		{182EA01B-7E27-493B-8629-290730A93CC1}.Release|Any CPU.Build.0 = Release|Any CPU
		{D68B5C2C-01A2-4307-9A22-8AB1FB18FE3F}.Debug|Any CPU.ActiveCfg = Debug|Any CPU
		{D68B5C2C-01A2-4307-9A22-8AB1FB18FE3F}.Debug|Any CPU.Build.0 = Debug|Any CPU
		{D68B5C2C-01A2-4307-9A22-8AB1FB18FE3F}.Release|Any CPU.ActiveCfg = Release|Any CPU
		{D68B5C2C-01A2-4307-9A22-8AB1FB18FE3F}.Release|Any CPU.Build.0 = Release|Any CPU
		{853FA9A2-C6E2-4E41-9241-27D806CB3831}.Debug|Any CPU.ActiveCfg = Debug|Any CPU
		{853FA9A2-C6E2-4E41-9241-27D806CB3831}.Debug|Any CPU.Build.0 = Debug|Any CPU
		{853FA9A2-C6E2-4E41-9241-27D806CB3831}.Release|Any CPU.ActiveCfg = Release|Any CPU
		{853FA9A2-C6E2-4E41-9241-27D806CB3831}.Release|Any CPU.Build.0 = Release|Any CPU
		{1EA38CF3-55C4-4FED-92BC-D9539B429F44}.Debug|Any CPU.ActiveCfg = Debug|Any CPU
		{1EA38CF3-55C4-4FED-92BC-D9539B429F44}.Debug|Any CPU.Build.0 = Debug|Any CPU
		{1EA38CF3-55C4-4FED-92BC-D9539B429F44}.Release|Any CPU.ActiveCfg = Release|Any CPU
		{1EA38CF3-55C4-4FED-92BC-D9539B429F44}.Release|Any CPU.Build.0 = Release|Any CPU
	EndGlobalSection
	GlobalSection(MonoDevelopProperties) = preSolution
		Policies = $0
		$0.DotNetNamingPolicy = $1
		$1.DirectoryNamespaceAssociation = PrefixedHierarchical
		$0.TextStylePolicy = $2
		$2.FileWidth = 80
		$2.TabsToSpaces = True
		$2.scope = text/x-csharp
		$0.CSharpFormattingPolicy = $3
		$3.scope = text/x-csharp
	EndGlobalSection
EndGlobal
